
Microsoft Visual Studio Solution File, Format Version 12.00
# Visual Studio Version 17
VisualStudioVersion = 17.14.36616.10
MinimumVisualStudioVersion = 10.0.40219.1
Project("{2150E333-8FDC-42A3-9474-1A3956D46DE8}") = "1 - API", "1 - API", "{02EA681E-C7D8-13C7-8484-4AC65E1B71E8}"
EndProject
Project("{FAE04EC0-301F-11D3-BF4B-00C04F79EFBC}") = "MLab.Portal.Bff", "MLab.Portal.Bff\MLab.Portal.Bff.csproj", "{CC182E04-0CE3-450C-99BC-F16742CF16F0}"
EndProject
Global
	GlobalSection(SolutionConfigurationPlatforms) = preSolution
		Debug|Any CPU = Debug|Any CPU
		Release|Any CPU = Release|Any CPU
	EndGlobalSection
	GlobalSection(ProjectConfigurationPlatforms) = postSolution
		{CC182E04-0CE3-450C-99BC-F16742CF16F0}.Debug|Any CPU.ActiveCfg = Debug|Any CPU
		{CC182E04-0CE3-450C-99BC-F16742CF16F0}.Debug|Any CPU.Build.0 = Debug|Any CPU
		{CC182E04-0CE3-450C-99BC-F16742CF16F0}.Release|Any CPU.ActiveCfg = Release|Any CPU
		{CC182E04-0CE3-450C-99BC-F16742CF16F0}.Release|Any CPU.Build.0 = Release|Any CPU
	EndGlobalSection
	GlobalSection(SolutionProperties) = preSolution
		HideSolutionNode = FALSE
	EndGlobalSection
	GlobalSection(NestedProjects) = preSolution
		{CC182E04-0CE3-450C-99BC-F16742CF16F0} = {02EA681E-C7D8-13C7-8484-4AC65E1B71E8}
	EndGlobalSection
	GlobalSection(ExtensibilityGlobals) = postSolution
		SolutionGuid = {7E6BB673-8423-4972-90CE-702A188D71EA}
	EndGlobalSection
EndGlobal
